
Microsoft Visual Studio Solution File, Format Version 12.00
# Visual Studio Version 17
VisualStudioVersion = 17.1.31903.286
MinimumVisualStudioVersion = 10.0.40219.1
Project("{FAE04EC0-301F-11D3-BF4B-00C04F79EFBC}") = "VehicleApi", "VehicleApi\VehicleApi.csproj", "{CAF2CD5C-BB1C-4172-8CEC-7F682695DF92}"
EndProject
Project("{FAE04EC0-301F-11D3-BF4B-00C04F79EFBC}") = "CustomerApi", "CustomerApi\CustomerApi.csproj", "{5C1E154F-3DFA-4447-A086-1F9F63EBCD3D}"
EndProject
Project("{FAE04EC0-301F-11D3-BF4B-00C04F79EFBC}") = "ReservationsApi", "ReservationsApi\ReservationsApi.csproj", "{69C363E5-7A67-4457-8C27-71B49F28561B}"
EndProject
Global
	GlobalSection(SolutionConfigurationPlatforms) = preSolution
		Debug|Any CPU = Debug|Any CPU
		Release|Any CPU = Release|Any CPU
	EndGlobalSection
	GlobalSection(ProjectConfigurationPlatforms) = postSolution
		{CAF2CD5C-BB1C-4172-8CEC-7F682695DF92}.Debug|Any CPU.ActiveCfg = Debug|Any CPU
		{CAF2CD5C-BB1C-4172-8CEC-7F682695DF92}.Debug|Any CPU.Build.0 = Debug|Any CPU
		{CAF2CD5C-BB1C-4172-8CEC-7F682695DF92}.Release|Any CPU.ActiveCfg = Release|Any CPU
		{CAF2CD5C-BB1C-4172-8CEC-7F682695DF92}.Release|Any CPU.Build.0 = Release|Any CPU
		{5C1E154F-3DFA-4447-A086-1F9F63EBCD3D}.Debug|Any CPU.ActiveCfg = Debug|Any CPU
		{5C1E154F-3DFA-4447-A086-1F9F63EBCD3D}.Debug|Any CPU.Build.0 = Debug|Any CPU
		{5C1E154F-3DFA-4447-A086-1F9F63EBCD3D}.Release|Any CPU.ActiveCfg = Release|Any CPU
		{5C1E154F-3DFA-4447-A086-1F9F63EBCD3D}.Release|Any CPU.Build.0 = Release|Any CPU
		{69C363E5-7A67-4457-8C27-71B49F28561B}.Debug|Any CPU.ActiveCfg = Debug|Any CPU
		{69C363E5-7A67-4457-8C27-71B49F28561B}.Debug|Any CPU.Build.0 = Debug|Any CPU
		{69C363E5-7A67-4457-8C27-71B49F28561B}.Release|Any CPU.ActiveCfg = Release|Any CPU
		{69C363E5-7A67-4457-8C27-71B49F28561B}.Release|Any CPU.Build.0 = Release|Any CPU
	EndGlobalSection
	GlobalSection(SolutionProperties) = preSolution
		HideSolutionNode = FALSE
	EndGlobalSection
	GlobalSection(ExtensibilityGlobals) = postSolution
		SolutionGuid = {A2603883-B769-49B0-B704-0262AB674CD5}
	EndGlobalSection
EndGlobal
